
Microsoft Visual Studio Solution File, Format Version 12.00
# Visual Studio 15
VisualStudioVersion = 15.0.27924.0
MinimumVisualStudioVersion = 10.0.40219.1
Project("{FAE04EC0-301F-11D3-BF4B-00C04F79EFBC}") = "ConsoleApp4", "ConsoleApp4\ConsoleApp4.csproj", "{2D8165AA-A9CB-44B8-AC4C-E968D14D4DFA}"
EndProject
Global
	GlobalSection(SolutionConfigurationPlatforms) = preSolution
		Debug|Any CPU = Debug|Any CPU
		Release|Any CPU = Release|Any CPU
	EndGlobalSection
	GlobalSection(ProjectConfigurationPlatforms) = postSolution
		{2D8165AA-A9CB-44B8-AC4C-E968D14D4DFA}.Debug|Any CPU.ActiveCfg = Debug|Any CPU
		{2D8165AA-A9CB-44B8-AC4C-E968D14D4DFA}.Debug|Any CPU.Build.0 = Debug|Any CPU
		{2D8165AA-A9CB-44B8-AC4C-E968D14D4DFA}.Release|Any CPU.ActiveCfg = Release|Any CPU
		{2D8165AA-A9CB-44B8-AC4C-E968D14D4DFA}.Release|Any CPU.Build.0 = Release|Any CPU
	EndGlobalSection
	GlobalSection(SolutionProperties) = preSolution
		HideSolutionNode = FALSE
	EndGlobalSection
	GlobalSection(ExtensibilityGlobals) = postSolution
		SolutionGuid = {40A8A21E-7477-4A02-B754-D9C875683EF5}
	EndGlobalSection
EndGlobal
